
Microsoft Visual Studio Solution File, Format Version 12.00
# Visual Studio Version 17
VisualStudioVersion = 17.9.34622.214
MinimumVisualStudioVersion = 10.0.40219.1
Project("{2150E333-8FDC-42A3-9474-1A3956D46DE8}") = "Services", "Services", "{CBFEEC74-1468-4D2C-865A-CECE36FDFE21}"
EndProject
Project("{2150E333-8FDC-42A3-9474-1A3956D46DE8}") = "Catalog", "Catalog", "{F221F799-1705-4C42-AD70-1FC6929C88C5}"
EndProject
Project("{9A19103F-16F7-4668-BE54-9A1E7A4F7556}") = "Multishop.Catalog", "Services\Catalog\Multishop.Catalog\Multishop.Catalog.csproj", "{92F1DE8A-38C2-40CF-8F6D-6623EC85E4C4}"
EndProject
Project("{2150E333-8FDC-42A3-9474-1A3956D46DE8}") = "Discount", "Discount", "{ABC45AD2-775D-4CC1-83EF-154C6D06BBD7}"
EndProject
Project("{9A19103F-16F7-4668-BE54-9A1E7A4F7556}") = "Multishop.Discount", "Services\Discount\Multishop.Discount\Multishop.Discount.csproj", "{5FC705B8-DC18-4BCA-8EE0-66ECF90BEDA1}"
EndProject
Project("{2150E333-8FDC-42A3-9474-1A3956D46DE8}") = "Order", "Order", "{976BA36F-9553-4C4E-9E6D-DC44AD8B1B55}"
EndProject
Project("{2150E333-8FDC-42A3-9474-1A3956D46DE8}") = "Core", "Core", "{C39A3FD9-7928-4316-971A-713DC93A4443}"
EndProject
Project("{2150E333-8FDC-42A3-9474-1A3956D46DE8}") = "Infrastructure", "Infrastructure", "{8D986412-A7BE-4CAB-9D97-4BD5AA459DBE}"
EndProject
Project("{2150E333-8FDC-42A3-9474-1A3956D46DE8}") = "Presentation", "Presentation", "{F6DB94D5-68EE-477C-8BDB-8E9FADA02CFF}"
EndProject
Project("{9A19103F-16F7-4668-BE54-9A1E7A4F7556}") = "Multishop.Order.Persistence", "Services\Order\Infrastructure\Multishop.Order.Persistence\Multishop.Order.Persistence.csproj", "{F3D22783-F9BE-4280-863D-C45A755ADDAC}"
EndProject
Project("{9A19103F-16F7-4668-BE54-9A1E7A4F7556}") = "Multishop.Order.Domain", "Services\Order\Core\Multishop.Order.Domain\Multishop.Order.Domain.csproj", "{B0771713-E4E6-48BB-B3D9-9832ADA764CF}"
EndProject
Project("{9A19103F-16F7-4668-BE54-9A1E7A4F7556}") = "Multishop.Order.Application", "Services\Order\Core\Multishop.Order.Application\Multishop.Order.Application.csproj", "{71877B84-6E02-4E40-92A6-5DBA9DBB485D}"
EndProject
Project("{9A19103F-16F7-4668-BE54-9A1E7A4F7556}") = "Multishop.Order.WebApi", "Services\Order\Presentation\Multishop.Order.WebApi\Multishop.Order.WebApi.csproj", "{B0F937F9-AD9B-4EAA-AEEE-06E78DF136E7}"
EndProject
Project("{2150E333-8FDC-42A3-9474-1A3956D46DE8}") = "IdentityServer", "IdentityServer", "{FED15CE8-F7DF-49B3-B112-96386795E2B6}"
EndProject
Project("{9A19103F-16F7-4668-BE54-9A1E7A4F7556}") = "MultiShop.IdentityServer", "IdentityServer\MultiShop.IdentityServer\MultiShop.IdentityServer.csproj", "{8B498B0A-1AA6-4C0B-BF68-3EC3456F1A64}"
EndProject
Project("{2150E333-8FDC-42A3-9474-1A3956D46DE8}") = "Requirements", "Requirements", "{949922C7-E263-4D80-8D2E-E5E6897C9BA8}"
	ProjectSection(SolutionItems) = preProject
		PortNumbers.txt = PortNumbers.txt
	EndProjectSection
EndProject
Project("{2150E333-8FDC-42A3-9474-1A3956D46DE8}") = "Cargo", "Cargo", "{4F2C9853-560C-44F7-8F5A-2FA815988904}"
EndProject
Project("{9A19103F-16F7-4668-BE54-9A1E7A4F7556}") = "Multishop.Cargo.EntityLayer", "Services\Cargo\Multishop.Cargo.EntityLayer\Multishop.Cargo.EntityLayer.csproj", "{AC83810C-8FAB-426C-A754-D5FB281D7238}"
EndProject
Project("{9A19103F-16F7-4668-BE54-9A1E7A4F7556}") = "Multishop.Cargo.BusinessLayer", "Services\Cargo\Multishop.Cargo.BusinessLayer\Multishop.Cargo.BusinessLayer.csproj", "{EA6BFB63-FE89-4ADF-8C44-C4450C89A0EA}"
EndProject
Project("{9A19103F-16F7-4668-BE54-9A1E7A4F7556}") = "Multishop.Cargo.DataAccessLayer", "Services\Cargo\Multishop.Cargo.DataAccessLayer\Multishop.Cargo.DataAccessLayer.csproj", "{B78BDF9D-6EE6-4370-9045-09804905F264}"
EndProject
Project("{9A19103F-16F7-4668-BE54-9A1E7A4F7556}") = "Multishop.Cargo.DtoLayer", "Services\Cargo\Multishop.Cargo.DtoLayer\Multishop.Cargo.DtoLayer.csproj", "{491D5681-CF0E-4D33-B1A7-4763E8459567}"
EndProject
Project("{9A19103F-16F7-4668-BE54-9A1E7A4F7556}") = "Multishop.Cargo.WebApi", "Services\Cargo\Multishop.Cargo.WebApi\Multishop.Cargo.WebApi.csproj", "{68CF60C9-E4C4-4BC8-BC04-5393E617F638}"
EndProject
Project("{2150E333-8FDC-42A3-9474-1A3956D46DE8}") = "Basket", "Basket", "{E760413A-8E7B-4F8F-99BA-7935E74716CB}"
EndProject
Project("{9A19103F-16F7-4668-BE54-9A1E7A4F7556}") = "MultiShop.Basket", "Services\Basket\MultiShop.Basket\MultiShop.Basket.csproj", "{A37237D4-5D7F-4027-A711-DF477A4F7688}"
EndProject
Project("{2150E333-8FDC-42A3-9474-1A3956D46DE8}") = "Frontends", "Frontends", "{42E5450C-B872-488F-A01D-18BCA2A78763}"
EndProject
Project("{9A19103F-16F7-4668-BE54-9A1E7A4F7556}") = "Multishop.WebUI", "Frontends\Multishop.WebUI\Multishop.WebUI.csproj", "{1D55CC73-7EF8-45E2-9122-1B29D5F2EA1D}"
EndProject
Project("{FAE04EC0-301F-11D3-BF4B-00C04F79EFBC}") = "MultiShop.DtoLayer", "Frontends\MultiShop.DtoLayer\MultiShop.DtoLayer.csproj", "{4073F477-5696-4310-BEDF-263D30FFDA78}"
EndProject
Global
	GlobalSection(SolutionConfigurationPlatforms) = preSolution
		Debug|Any CPU = Debug|Any CPU
		Release|Any CPU = Release|Any CPU
	EndGlobalSection
	GlobalSection(ProjectConfigurationPlatforms) = postSolution
		{92F1DE8A-38C2-40CF-8F6D-6623EC85E4C4}.Debug|Any CPU.ActiveCfg = Debug|Any CPU
		{92F1DE8A-38C2-40CF-8F6D-6623EC85E4C4}.Debug|Any CPU.Build.0 = Debug|Any CPU
		{92F1DE8A-38C2-40CF-8F6D-6623EC85E4C4}.Release|Any CPU.ActiveCfg = Release|Any CPU
		{92F1DE8A-38C2-40CF-8F6D-6623EC85E4C4}.Release|Any CPU.Build.0 = Release|Any CPU
		{5FC705B8-DC18-4BCA-8EE0-66ECF90BEDA1}.Debug|Any CPU.ActiveCfg = Debug|Any CPU
		{5FC705B8-DC18-4BCA-8EE0-66ECF90BEDA1}.Debug|Any CPU.Build.0 = Debug|Any CPU
		{5FC705B8-DC18-4BCA-8EE0-66ECF90BEDA1}.Release|Any CPU.ActiveCfg = Release|Any CPU
		{5FC705B8-DC18-4BCA-8EE0-66ECF90BEDA1}.Release|Any CPU.Build.0 = Release|Any CPU
		{F3D22783-F9BE-4280-863D-C45A755ADDAC}.Debug|Any CPU.ActiveCfg = Debug|Any CPU
		{F3D22783-F9BE-4280-863D-C45A755ADDAC}.Debug|Any CPU.Build.0 = Debug|Any CPU
		{F3D22783-F9BE-4280-863D-C45A755ADDAC}.Release|Any CPU.ActiveCfg = Release|Any CPU
		{F3D22783-F9BE-4280-863D-C45A755ADDAC}.Release|Any CPU.Build.0 = Release|Any CPU
		{B0771713-E4E6-48BB-B3D9-9832ADA764CF}.Debug|Any CPU.ActiveCfg = Debug|Any CPU
		{B0771713-E4E6-48BB-B3D9-9832ADA764CF}.Debug|Any CPU.Build.0 = Debug|Any CPU
		{B0771713-E4E6-48BB-B3D9-9832ADA764CF}.Release|Any CPU.ActiveCfg = Release|Any CPU
		{B0771713-E4E6-48BB-B3D9-9832ADA764CF}.Release|Any CPU.Build.0 = Release|Any CPU
		{71877B84-6E02-4E40-92A6-5DBA9DBB485D}.Debug|Any CPU.ActiveCfg = Debug|Any CPU
		{71877B84-6E02-4E40-92A6-5DBA9DBB485D}.Debug|Any CPU.Build.0 = Debug|Any CPU
		{71877B84-6E02-4E40-92A6-5DBA9DBB485D}.Release|Any CPU.ActiveCfg = Release|Any CPU
		{71877B84-6E02-4E40-92A6-5DBA9DBB485D}.Release|Any CPU.Build.0 = Release|Any CPU
		{B0F937F9-AD9B-4EAA-AEEE-06E78DF136E7}.Debug|Any CPU.ActiveCfg = Debug|Any CPU
		{B0F937F9-AD9B-4EAA-AEEE-06E78DF136E7}.Debug|Any CPU.Build.0 = Debug|Any CPU
		{B0F937F9-AD9B-4EAA-AEEE-06E78DF136E7}.Release|Any CPU.ActiveCfg = Release|Any CPU
		{B0F937F9-AD9B-4EAA-AEEE-06E78DF136E7}.Release|Any CPU.Build.0 = Release|Any CPU
		{8B498B0A-1AA6-4C0B-BF68-3EC3456F1A64}.Debug|Any CPU.ActiveCfg = Debug|Any CPU
		{8B498B0A-1AA6-4C0B-BF68-3EC3456F1A64}.Debug|Any CPU.Build.0 = Debug|Any CPU
		{8B498B0A-1AA6-4C0B-BF68-3EC3456F1A64}.Release|Any CPU.ActiveCfg = Release|Any CPU
		{8B498B0A-1AA6-4C0B-BF68-3EC3456F1A64}.Release|Any CPU.Build.0 = Release|Any CPU
		{AC83810C-8FAB-426C-A754-D5FB281D7238}.Debug|Any CPU.ActiveCfg = Debug|Any CPU
		{AC83810C-8FAB-426C-A754-D5FB281D7238}.Debug|Any CPU.Build.0 = Debug|Any CPU
		{AC83810C-8FAB-426C-A754-D5FB281D7238}.Release|Any CPU.ActiveCfg = Release|Any CPU
		{AC83810C-8FAB-426C-A754-D5FB281D7238}.Release|Any CPU.Build.0 = Release|Any CPU
		{EA6BFB63-FE89-4ADF-8C44-C4450C89A0EA}.Debug|Any CPU.ActiveCfg = Debug|Any CPU
		{EA6BFB63-FE89-4ADF-8C44-C4450C89A0EA}.Debug|Any CPU.Build.0 = Debug|Any CPU
		{EA6BFB63-FE89-4ADF-8C44-C4450C89A0EA}.Release|Any CPU.ActiveCfg = Release|Any CPU
		{EA6BFB63-FE89-4ADF-8C44-C4450C89A0EA}.Release|Any CPU.Build.0 = Release|Any CPU
		{B78BDF9D-6EE6-4370-9045-09804905F264}.Debug|Any CPU.ActiveCfg = Debug|Any CPU
		{B78BDF9D-6EE6-4370-9045-09804905F264}.Debug|Any CPU.Build.0 = Debug|Any CPU
		{B78BDF9D-6EE6-4370-9045-09804905F264}.Release|Any CPU.ActiveCfg = Release|Any CPU
		{B78BDF9D-6EE6-4370-9045-09804905F264}.Release|Any CPU.Build.0 = Release|Any CPU
		{491D5681-CF0E-4D33-B1A7-4763E8459567}.Debug|Any CPU.ActiveCfg = Debug|Any CPU
		{491D5681-CF0E-4D33-B1A7-4763E8459567}.Debug|Any CPU.Build.0 = Debug|Any CPU
		{491D5681-CF0E-4D33-B1A7-4763E8459567}.Release|Any CPU.ActiveCfg = Release|Any CPU
		{491D5681-CF0E-4D33-B1A7-4763E8459567}.Release|Any CPU.Build.0 = Release|Any CPU
		{68CF60C9-E4C4-4BC8-BC04-5393E617F638}.Debug|Any CPU.ActiveCfg = Debug|Any CPU
		{68CF60C9-E4C4-4BC8-BC04-5393E617F638}.Debug|Any CPU.Build.0 = Debug|Any CPU
		{68CF60C9-E4C4-4BC8-BC04-5393E617F638}.Release|Any CPU.ActiveCfg = Release|Any CPU
		{68CF60C9-E4C4-4BC8-BC04-5393E617F638}.Release|Any CPU.Build.0 = Release|Any CPU
		{A37237D4-5D7F-4027-A711-DF477A4F7688}.Debug|Any CPU.ActiveCfg = Debug|Any CPU
		{A37237D4-5D7F-4027-A711-DF477A4F7688}.Debug|Any CPU.Build.0 = Debug|Any CPU
		{A37237D4-5D7F-4027-A711-DF477A4F7688}.Release|Any CPU.ActiveCfg = Release|Any CPU
		{A37237D4-5D7F-4027-A711-DF477A4F7688}.Release|Any CPU.Build.0 = Release|Any CPU
		{1D55CC73-7EF8-45E2-9122-1B29D5F2EA1D}.Debug|Any CPU.ActiveCfg = Debug|Any CPU
		{1D55CC73-7EF8-45E2-9122-1B29D5F2EA1D}.Debug|Any CPU.Build.0 = Debug|Any CPU
		{1D55CC73-7EF8-45E2-9122-1B29D5F2EA1D}.Release|Any CPU.ActiveCfg = Release|Any CPU
		{1D55CC73-7EF8-45E2-9122-1B29D5F2EA1D}.Release|Any CPU.Build.0 = Release|Any CPU
		{4073F477-5696-4310-BEDF-263D30FFDA78}.Debug|Any CPU.ActiveCfg = Debug|Any CPU
		{4073F477-5696-4310-BEDF-263D30FFDA78}.Debug|Any CPU.Build.0 = Debug|Any CPU
		{4073F477-5696-4310-BEDF-263D30FFDA78}.Release|Any CPU.ActiveCfg = Release|Any CPU
		{4073F477-5696-4310-BEDF-263D30FFDA78}.Release|Any CPU.Build.0 = Release|Any CPU
	EndGlobalSection
	GlobalSection(SolutionProperties) = preSolution
		HideSolutionNode = FALSE
	EndGlobalSection
	GlobalSection(NestedProjects) = preSolution
		{F221F799-1705-4C42-AD70-1FC6929C88C5} = {CBFEEC74-1468-4D2C-865A-CECE36FDFE21}
		{92F1DE8A-38C2-40CF-8F6D-6623EC85E4C4} = {F221F799-1705-4C42-AD70-1FC6929C88C5}
		{ABC45AD2-775D-4CC1-83EF-154C6D06BBD7} = {CBFEEC74-1468-4D2C-865A-CECE36FDFE21}
		{5FC705B8-DC18-4BCA-8EE0-66ECF90BEDA1} = {ABC45AD2-775D-4CC1-83EF-154C6D06BBD7}
		{976BA36F-9553-4C4E-9E6D-DC44AD8B1B55} = {CBFEEC74-1468-4D2C-865A-CECE36FDFE21}
		{C39A3FD9-7928-4316-971A-713DC93A4443} = {976BA36F-9553-4C4E-9E6D-DC44AD8B1B55}
		{8D986412-A7BE-4CAB-9D97-4BD5AA459DBE} = {976BA36F-9553-4C4E-9E6D-DC44AD8B1B55}
		{F6DB94D5-68EE-477C-8BDB-8E9FADA02CFF} = {976BA36F-9553-4C4E-9E6D-DC44AD8B1B55}
		{F3D22783-F9BE-4280-863D-C45A755ADDAC} = {8D986412-A7BE-4CAB-9D97-4BD5AA459DBE}
		{B0771713-E4E6-48BB-B3D9-9832ADA764CF} = {C39A3FD9-7928-4316-971A-713DC93A4443}
		{71877B84-6E02-4E40-92A6-5DBA9DBB485D} = {C39A3FD9-7928-4316-971A-713DC93A4443}
		{B0F937F9-AD9B-4EAA-AEEE-06E78DF136E7} = {F6DB94D5-68EE-477C-8BDB-8E9FADA02CFF}
		{8B498B0A-1AA6-4C0B-BF68-3EC3456F1A64} = {FED15CE8-F7DF-49B3-B112-96386795E2B6}
		{4F2C9853-560C-44F7-8F5A-2FA815988904} = {CBFEEC74-1468-4D2C-865A-CECE36FDFE21}
		{AC83810C-8FAB-426C-A754-D5FB281D7238} = {4F2C9853-560C-44F7-8F5A-2FA815988904}
		{EA6BFB63-FE89-4ADF-8C44-C4450C89A0EA} = {4F2C9853-560C-44F7-8F5A-2FA815988904}
		{B78BDF9D-6EE6-4370-9045-09804905F264} = {4F2C9853-560C-44F7-8F5A-2FA815988904}
		{491D5681-CF0E-4D33-B1A7-4763E8459567} = {4F2C9853-560C-44F7-8F5A-2FA815988904}
		{68CF60C9-E4C4-4BC8-BC04-5393E617F638} = {4F2C9853-560C-44F7-8F5A-2FA815988904}
		{E760413A-8E7B-4F8F-99BA-7935E74716CB} = {CBFEEC74-1468-4D2C-865A-CECE36FDFE21}
		{A37237D4-5D7F-4027-A711-DF477A4F7688} = {E760413A-8E7B-4F8F-99BA-7935E74716CB}
		{1D55CC73-7EF8-45E2-9122-1B29D5F2EA1D} = {42E5450C-B872-488F-A01D-18BCA2A78763}
		{4073F477-5696-4310-BEDF-263D30FFDA78} = {42E5450C-B872-488F-A01D-18BCA2A78763}
	EndGlobalSection
	GlobalSection(ExtensibilityGlobals) = postSolution
		SolutionGuid = {C25D768D-8728-448C-B221-9935449FD77E}
	EndGlobalSection
EndGlobal
